<?xml version="1.0" encoding="utf-8"?>
<Project ToolsVersion="4.0" xmlns="http://schemas.microsoft.com/developer/msbuild/2003">
  <ItemGroup>
    <Filter Include="Source Files">
      <UniqueIdentifier>{4FC737F1-C7A5-4376-A066-2A32D752A2FF}</UniqueIdentifier>
      <Extensions>cpp;c;cc;cxx;def;odl;idl;hpj;bat;asm;asmx</Extensions>
    </Filter>
    <Filter Include="Header Files">
      <UniqueIdentifier>{93995380-89BD-4b04-88EB-625FBE52EBFB}</UniqueIdentifier>
      <Extensions>h;hh;hpp;hxx;hm;inl;inc;xsd</Extensions>
    </Filter>
    <Filter Include="Resource Files">
      <UniqueIdentifier>{67DA6AB6-F800-4c08-8B7A-83BB121AAD01}</UniqueIdentifier>
      <Extensions>rc;ico;cur;bmp;dlg;rc2;rct;bin;rgs;gif;jpg;jpeg;jpe;resx;tiff;tif;png;wav;mfcribbon-ms</Extensions>
    </Filter>
    <Filter Include="OpenGL">
      <UniqueIdentifier>{95a59ff6-8e67-41cc-bbb7-b17369834b29}</UniqueIdentifier>
    </Filter>
    <Filter Include="Graphics3D">
      <UniqueIdentifier>{b49f4dbc-d76f-4dbe-b6db-b1983ff48589}</UniqueIdentifier>
    </Filter>
    <Filter Include="Scene">
      <UniqueIdentifier>{4a280db6-933a-416c-a52c-930c1a988c5f}</UniqueIdentifier>
    </Filter>
    <Filter Include="Shaders">
      <UniqueIdentifier>{5cd87475-6963-41cb-9974-5bc75f25c008}</UniqueIdentifier>
    </Filter>
  </ItemGroup>
  <ItemGroup>
    <ClInclude Include="NaiaLib.h">
      <Filter>Header Files</Filter>
    </ClInclude>
    <ClInclude Include="Stdafx.h">
      <Filter>Header Files</Filter>
    </ClInclude>
    <ClInclude Include="resource.h">
      <Filter>Header Files</Filter>
    </ClInclude>
    <ClInclude Include="OpenGLControl.h">
      <Filter>OpenGL</Filter>
    </ClInclude>
    <ClInclude Include="OGLRenderer.h">
      <Filter>OpenGL</Filter>
    </ClInclude>
    <ClInclude Include="SceneNodes.h">
      <Filter>Scene</Filter>
    </ClInclude>
    <ClInclude Include="precompiled.h">
      <Filter>Header Files</Filter>
    </ClInclude>
    <ClInclude Include="Material.h">
      <Filter>Graphics3D</Filter>
    </ClInclude>
    <ClInclude Include="MatrixStack.h">
      <Filter>Graphics3D</Filter>
    </ClInclude>
    <ClInclude Include="Scene.h">
      <Filter>Scene</Filter>
    </ClInclude>
    <ClInclude Include="MathHelper.h">
      <Filter>Graphics3D</Filter>
    </ClInclude>
    <ClInclude Include="Mesh.h">
      <Filter>Graphics3D</Filter>
    </ClInclude>
    <ClInclude Include="Vertex.h">
      <Filter>Graphics3D</Filter>
    </ClInclude>
    <ClInclude Include="GLSLShader.h">
      <Filter>Shaders</Filter>
    </ClInclude>
    <ClInclude Include="SceneWrapper.h">
      <Filter>Scene</Filter>
    </ClInclude>
    <ClInclude Include="NaiaCore.h">
      <Filter>Header Files</Filter>
    </ClInclude>
    <ClInclude Include="EditorCore.h">
      <Filter>Header Files</Filter>
    </ClInclude>
  </ItemGroup>
  <ItemGroup>
    <ClCompile Include="AssemblyInfo.cpp">
      <Filter>Source Files</Filter>
    </ClCompile>
    <ClCompile Include="Stdafx.cpp">
      <Filter>Source Files</Filter>
    </ClCompile>
    <ClCompile Include="OpenGLControl.cpp">
      <Filter>OpenGL</Filter>
    </ClCompile>
    <ClCompile Include="OGLRenderer.cpp">
      <Filter>OpenGL</Filter>
    </ClCompile>
    <ClCompile Include="SceneNodes.cpp">
      <Filter>Scene</Filter>
    </ClCompile>
    <ClCompile Include="Material.cpp">
      <Filter>Graphics3D</Filter>
    </ClCompile>
    <ClCompile Include="MatrixStack.cpp">
      <Filter>Graphics3D</Filter>
    </ClCompile>
    <ClCompile Include="Scene.cpp">
      <Filter>Scene</Filter>
    </ClCompile>
    <ClCompile Include="MathHelper.cpp">
      <Filter>Graphics3D</Filter>
    </ClCompile>
    <ClCompile Include="Mesh.cpp">
      <Filter>Graphics3D</Filter>
    </ClCompile>
    <ClCompile Include="GLSLShader.cpp">
      <Filter>Shaders</Filter>
    </ClCompile>
    <ClCompile Include="SceneWrapper.cpp">
      <Filter>Scene</Filter>
    </ClCompile>
    <ClCompile Include="NaiaCore.cpp">
      <Filter>Source Files</Filter>
    </ClCompile>
    <ClCompile Include="EditorCore.cpp">
      <Filter>Source Files</Filter>
    </ClCompile>
  </ItemGroup>
  <ItemGroup>
    <Text Include="ReadMe.txt" />
  </ItemGroup>
  <ItemGroup>
    <ResourceCompile Include="app.rc">
      <Filter>Resource Files</Filter>
    </ResourceCompile>
  </ItemGroup>
  <ItemGroup>
    <Image Include="app.ico">
      <Filter>Resource Files</Filter>
    </Image>
  </ItemGroup>
  <ItemGroup>
    <None Include="Shaders\ColorShader.vert">
      <Filter>Shaders</Filter>
    </None>
    <None Include="Shaders\ColorShader.frag">
      <Filter>Shaders</Filter>
    </None>
  </ItemGroup>
</Project>